DEPENDENCIES
  sensu
  sensu_roles
    path: ../sensu_roles
  uchiwa
    git: https://github.com/sensu/uchiwa-chef.git
    revision: 816f5b085bb9598079dc92a26710d69b418185bc

GRAPH
  apt (2.6.0)
  build-essential (2.1.3)
  chef_handler (1.1.6)
  erlang (1.5.6)
    apt (>= 1.7.0)
    build-essential (>= 0.0.0)
    yum (~> 3.0)
    yum-epel (>= 0.0.0)
    yum-erlang_solutions (>= 0.0.0)
  rabbitmq (3.6.0)
    erlang (>= 0.9)
  redisio (2.2.4)
    build-essential (>= 0.0.0)
    ulimit (>= 0.1.2)
  sensu (2.2.0)
    apt (>= 0.0.0)
    rabbitmq (>= 2.0.0)
    redisio (>= 1.7.0)
    windows (>= 1.8.8)
    yum (>= 0.0.0)
  sensu_roles (0.1.0)
    sensu (>= 0.0.0)
  uchiwa (1.0.0)
    apt (>= 0.0.0)
    yum (>= 0.0.0)
  ulimit (0.3.2)
  windows (1.34.8)
    chef_handler (>= 0.0.0)
  yum (3.5.1)
  yum-epel (0.5.3)
    yum (~> 3.0)
  yum-erlang_solutions (0.2.0)
    yum (~> 3.0)
